
Microsoft Visual Studio Solution File, Format Version 12.00
# Visual Studio Version 17
VisualStudioVersion = 17.9.34616.47
MinimumVisualStudioVersion = 10.0.40219.1
Project("{FAE04EC0-301F-11D3-BF4B-00C04F79EFBC}") = "wypozyczalnia.Server", "wypozyczalnia.Server\wypozyczalnia.Server.csproj", "{CF7D97D6-E01E-4FEE-A5AF-9B04C544D8C4}"
EndProject
Project("{54A90642-561A-4BB1-A94E-469ADEE60C69}") = "wypozyczalnia.client", "wypozyczalnia.client\wypozyczalnia.client.esproj", "{D4D05145-3AD1-4CF7-AE08-7C03EBF8573E}"
EndProject
Global
	GlobalSection(SolutionConfigurationPlatforms) = preSolution
		Debug|Any CPU = Debug|Any CPU
		Release|Any CPU = Release|Any CPU
	EndGlobalSection
	GlobalSection(ProjectConfigurationPlatforms) = postSolution
		{CF7D97D6-E01E-4FEE-A5AF-9B04C544D8C4}.Debug|Any CPU.ActiveCfg = Debug|Any CPU
		{CF7D97D6-E01E-4FEE-A5AF-9B04C544D8C4}.Debug|Any CPU.Build.0 = Debug|Any CPU
		{CF7D97D6-E01E-4FEE-A5AF-9B04C544D8C4}.Release|Any CPU.ActiveCfg = Release|Any CPU
		{CF7D97D6-E01E-4FEE-A5AF-9B04C544D8C4}.Release|Any CPU.Build.0 = Release|Any CPU
		{D4D05145-3AD1-4CF7-AE08-7C03EBF8573E}.Debug|Any CPU.ActiveCfg = Debug|Any CPU
		{D4D05145-3AD1-4CF7-AE08-7C03EBF8573E}.Debug|Any CPU.Build.0 = Debug|Any CPU
		{D4D05145-3AD1-4CF7-AE08-7C03EBF8573E}.Debug|Any CPU.Deploy.0 = Debug|Any CPU
		{D4D05145-3AD1-4CF7-AE08-7C03EBF8573E}.Release|Any CPU.ActiveCfg = Release|Any CPU
		{D4D05145-3AD1-4CF7-AE08-7C03EBF8573E}.Release|Any CPU.Build.0 = Release|Any CPU
		{D4D05145-3AD1-4CF7-AE08-7C03EBF8573E}.Release|Any CPU.Deploy.0 = Release|Any CPU
	EndGlobalSection
	GlobalSection(SolutionProperties) = preSolution
		HideSolutionNode = FALSE
	EndGlobalSection
	GlobalSection(ExtensibilityGlobals) = postSolution
		SolutionGuid = {AA67EFC5-7E08-4DE8-9173-F313820B5199}
	EndGlobalSection
EndGlobal
